<?xml version="1.0" encoding="utf-8"?>
<Project ToolsVersion="4.0" xmlns="http://schemas.microsoft.com/developer/msbuild/2003">
  <ItemGroup>
    <Filter Include="源文件">
      <UniqueIdentifier>{4FC737F1-C7A5-4376-A066-2A32D752A2FF}</UniqueIdentifier>
      <Extensions>cpp;c;cc;cxx;c++;cppm;ixx;def;odl;idl;hpj;bat;asm;asmx</Extensions>
    </Filter>
    <Filter Include="头文件">
      <UniqueIdentifier>{93995380-89BD-4b04-88EB-625FBE52EBFB}</UniqueIdentifier>
      <Extensions>h;hh;hpp;hxx;h++;hm;inl;inc;ipp;xsd</Extensions>
    </Filter>
    <Filter Include="资源文件">
      <UniqueIdentifier>{67DA6AB6-F800-4c08-8B7A-83BB121AAD01}</UniqueIdentifier>
      <Extensions>rc;ico;cur;bmp;dlg;rc2;rct;bin;rgs;gif;jpg;jpeg;jpe;resx;tiff;tif;png;wav;mfcribbon-ms</Extensions>
    </Filter>
    <Filter Include="lua">
      <UniqueIdentifier>{203fd23c-cbf8-444a-b75b-2830dd77c18f}</UniqueIdentifier>
    </Filter>
    <Filter Include="Models">
      <UniqueIdentifier>{e6155b6e-9bff-44bc-9dee-c7863881d369}</UniqueIdentifier>
    </Filter>
    <Filter Include="Sm">
      <UniqueIdentifier>{91cb7464-d6d2-4b00-b549-87324718c9b1}</UniqueIdentifier>
    </Filter>
    <Filter Include="Sm\header">
      <UniqueIdentifier>{4063cea0-ab70-490f-8e47-a0cfd8aa676e}</UniqueIdentifier>
    </Filter>
    <Filter Include="Sm\src">
      <UniqueIdentifier>{681d742c-3a34-440f-8a6b-4a16fbfa6094}</UniqueIdentifier>
    </Filter>
    <Filter Include="Sm\SharedParams">
      <UniqueIdentifier>{d3f36f77-d2d1-4eb2-8e83-e29f375ba428}</UniqueIdentifier>
    </Filter>
  </ItemGroup>
  <ItemGroup>
    <ClCompile Include="lua\lapi.c">
      <Filter>lua</Filter>
    </ClCompile>
    <ClCompile Include="lua\lauxlib.c">
      <Filter>lua</Filter>
    </ClCompile>
    <ClCompile Include="lua\lbaselib.c">
      <Filter>lua</Filter>
    </ClCompile>
    <ClCompile Include="lua\lcode.c">
      <Filter>lua</Filter>
    </ClCompile>
    <ClCompile Include="lua\lcorolib.c">
      <Filter>lua</Filter>
    </ClCompile>
    <ClCompile Include="lua\lctype.c">
      <Filter>lua</Filter>
    </ClCompile>
    <ClCompile Include="lua\ldblib.c">
      <Filter>lua</Filter>
    </ClCompile>
    <ClCompile Include="lua\ldebug.c">
      <Filter>lua</Filter>
    </ClCompile>
    <ClCompile Include="lua\ldo.c">
      <Filter>lua</Filter>
    </ClCompile>
    <ClCompile Include="lua\ldump.c">
      <Filter>lua</Filter>
    </ClCompile>
    <ClCompile Include="lua\lfunc.c">
      <Filter>lua</Filter>
    </ClCompile>
    <ClCompile Include="lua\lgc.c">
      <Filter>lua</Filter>
    </ClCompile>
    <ClCompile Include="lua\linit.c">
      <Filter>lua</Filter>
    </ClCompile>
    <ClCompile Include="lua\liolib.c">
      <Filter>lua</Filter>
    </ClCompile>
    <ClCompile Include="lua\llex.c">
      <Filter>lua</Filter>
    </ClCompile>
    <ClCompile Include="lua\lmathlib.c">
      <Filter>lua</Filter>
    </ClCompile>
    <ClCompile Include="lua\lmem.c">
      <Filter>lua</Filter>
    </ClCompile>
    <ClCompile Include="lua\loadlib.c">
      <Filter>lua</Filter>
    </ClCompile>
    <ClCompile Include="lua\lobject.c">
      <Filter>lua</Filter>
    </ClCompile>
    <ClCompile Include="lua\lopcodes.c">
      <Filter>lua</Filter>
    </ClCompile>
    <ClCompile Include="lua\loslib.c">
      <Filter>lua</Filter>
    </ClCompile>
    <ClCompile Include="lua\lparser.c">
      <Filter>lua</Filter>
    </ClCompile>
    <ClCompile Include="lua\lstate.c">
      <Filter>lua</Filter>
    </ClCompile>
    <ClCompile Include="lua\lstring.c">
      <Filter>lua</Filter>
    </ClCompile>
    <ClCompile Include="lua\lstrlib.c">
      <Filter>lua</Filter>
    </ClCompile>
    <ClCompile Include="lua\ltable.c">
      <Filter>lua</Filter>
    </ClCompile>
    <ClCompile Include="lua\ltablib.c">
      <Filter>lua</Filter>
    </ClCompile>
    <ClCompile Include="lua\ltm.c">
      <Filter>lua</Filter>
    </ClCompile>
    <ClCompile Include="lua\lundump.c">
      <Filter>lua</Filter>
    </ClCompile>
    <ClCompile Include="lua\lutf8lib.c">
      <Filter>lua</Filter>
    </ClCompile>
    <ClCompile Include="lua\lvm.c">
      <Filter>lua</Filter>
    </ClCompile>
    <ClCompile Include="lua\lzio.c">
      <Filter>lua</Filter>
    </ClCompile>
    <ClCompile Include="lua\lua.c">
      <Filter>lua</Filter>
    </ClCompile>
    <ClCompile Include="lua\luac.c">
      <Filter>lua</Filter>
    </ClCompile>
    <ClCompile Include="Sm\src\Channel.cpp">
      <Filter>Sm\src</Filter>
    </ClCompile>
    <ClCompile Include="Sm\src\Channels.cpp">
      <Filter>Sm\src</Filter>
    </ClCompile>
    <ClCompile Include="Sm\src\LuaExtFuncs.cpp">
      <Filter>Sm\src</Filter>
    </ClCompile>
    <ClCompile Include="Sm\src\BotStates.cpp">
      <Filter>Sm\src</Filter>
    </ClCompile>
    <ClCompile Include="Sm\src\Cmd.cpp">
      <Filter>Sm\src</Filter>
    </ClCompile>
    <ClCompile Include="Sm\src\Script.cpp">
      <Filter>Sm\src</Filter>
    </ClCompile>
    <ClCompile Include="Sm\src\Debug.cpp">
      <Filter>Sm\src</Filter>
    </ClCompile>
    <ClCompile Include="Sm\src\Func.cpp">
      <Filter>Sm\src</Filter>
    </ClCompile>
    <ClCompile Include="..\LibCobot\cobot.cpp">
      <Filter>源文件</Filter>
    </ClCompile>
    <ClCompile Include="sm.cpp">
      <Filter>源文件</Filter>
    </ClCompile>
    <ClCompile Include="Sm\src\PcsExecutor.cpp">
      <Filter>Sm\src</Filter>
    </ClCompile>
  </ItemGroup>
  <ItemGroup>
    <ClInclude Include="lua\lua.hpp">
      <Filter>lua</Filter>
    </ClInclude>
    <ClInclude Include="lua\lapi.h">
      <Filter>lua</Filter>
    </ClInclude>
    <ClInclude Include="lua\lauxlib.h">
      <Filter>lua</Filter>
    </ClInclude>
    <ClInclude Include="lua\lcode.h">
      <Filter>lua</Filter>
    </ClInclude>
    <ClInclude Include="lua\lctype.h">
      <Filter>lua</Filter>
    </ClInclude>
    <ClInclude Include="lua\ldebug.h">
      <Filter>lua</Filter>
    </ClInclude>
    <ClInclude Include="lua\ldo.h">
      <Filter>lua</Filter>
    </ClInclude>
    <ClInclude Include="lua\lfunc.h">
      <Filter>lua</Filter>
    </ClInclude>
    <ClInclude Include="lua\lgc.h">
      <Filter>lua</Filter>
    </ClInclude>
    <ClInclude Include="lua\ljumptab.h">
      <Filter>lua</Filter>
    </ClInclude>
    <ClInclude Include="lua\llex.h">
      <Filter>lua</Filter>
    </ClInclude>
    <ClInclude Include="lua\llimits.h">
      <Filter>lua</Filter>
    </ClInclude>
    <ClInclude Include="lua\lmem.h">
      <Filter>lua</Filter>
    </ClInclude>
    <ClInclude Include="lua\lobject.h">
      <Filter>lua</Filter>
    </ClInclude>
    <ClInclude Include="lua\lopcodes.h">
      <Filter>lua</Filter>
    </ClInclude>
    <ClInclude Include="lua\lopnames.h">
      <Filter>lua</Filter>
    </ClInclude>
    <ClInclude Include="lua\lparser.h">
      <Filter>lua</Filter>
    </ClInclude>
    <ClInclude Include="lua\lprefix.h">
      <Filter>lua</Filter>
    </ClInclude>
    <ClInclude Include="lua\lstate.h">
      <Filter>lua</Filter>
    </ClInclude>
    <ClInclude Include="lua\lstring.h">
      <Filter>lua</Filter>
    </ClInclude>
    <ClInclude Include="lua\ltable.h">
      <Filter>lua</Filter>
    </ClInclude>
    <ClInclude Include="lua\ltm.h">
      <Filter>lua</Filter>
    </ClInclude>
    <ClInclude Include="lua\lua.h">
      <Filter>lua</Filter>
    </ClInclude>
    <ClInclude Include="lua\luaconf.h">
      <Filter>lua</Filter>
    </ClInclude>
    <ClInclude Include="lua\lualib.h">
      <Filter>lua</Filter>
    </ClInclude>
    <ClInclude Include="lua\lundump.h">
      <Filter>lua</Filter>
    </ClInclude>
    <ClInclude Include="lua\lvm.h">
      <Filter>lua</Filter>
    </ClInclude>
    <ClInclude Include="lua\lzio.h">
      <Filter>lua</Filter>
    </ClInclude>
    <ClInclude Include="Models\Enums.h">
      <Filter>Models</Filter>
    </ClInclude>
    <ClInclude Include="Models\Models.h">
      <Filter>Models</Filter>
    </ClInclude>
    <ClInclude Include="Sm\include\Channel.h">
      <Filter>Sm\header</Filter>
    </ClInclude>
    <ClInclude Include="Sm\include\LuaExtFuncs.h">
      <Filter>Sm\header</Filter>
    </ClInclude>
    <ClInclude Include="Sm\include\PcsExecutor.h">
      <Filter>Sm\header</Filter>
    </ClInclude>
    <ClInclude Include="Sm\include\Utils.h">
      <Filter>Sm\header</Filter>
    </ClInclude>
    <ClInclude Include="Sm\include\Channels.h">
      <Filter>Sm\SharedParams</Filter>
    </ClInclude>
    <ClInclude Include="Sm\include\BotStates.h">
      <Filter>Sm\SharedParams</Filter>
    </ClInclude>
    <ClInclude Include="Sm\include\Cmd.h">
      <Filter>Sm\SharedParams</Filter>
    </ClInclude>
    <ClInclude Include="Sm\include\Script.h">
      <Filter>Sm\SharedParams</Filter>
    </ClInclude>
    <ClInclude Include="Sm\include\Debug.h">
      <Filter>Sm\SharedParams</Filter>
    </ClInclude>
    <ClInclude Include="Sm\include\Func.h">
      <Filter>Sm\header</Filter>
    </ClInclude>
    <ClInclude Include="Sm\include\log.h">
      <Filter>Sm\header</Filter>
    </ClInclude>
    <ClInclude Include="sm.h">
      <Filter>头文件</Filter>
    </ClInclude>
  </ItemGroup>
  <ItemGroup>
    <None Include="lua\Makefile">
      <Filter>lua</Filter>
    </None>
  </ItemGroup>
</Project>